
Microsoft Visual Studio Solution File, Format Version 12.00
# Visual Studio Version 17
VisualStudioVersion = 17.9.34728.123
MinimumVisualStudioVersion = 10.0.40219.1
Project("{FAE04EC0-301F-11D3-BF4B-00C04F79EFBC}") = "Palindrome", "Palindrome.csproj", "{9079C5D3-990D-43E5-8CFC-0129A80450AE}"
EndProject
Global
	GlobalSection(SolutionConfigurationPlatforms) = preSolution
		Debug|Any CPU = Debug|Any CPU
		Release|Any CPU = Release|Any CPU
	EndGlobalSection
	GlobalSection(ProjectConfigurationPlatforms) = postSolution
		{9079C5D3-990D-43E5-8CFC-0129A80450AE}.Debug|Any CPU.ActiveCfg = Debug|Any CPU
		{9079C5D3-990D-43E5-8CFC-0129A80450AE}.Debug|Any CPU.Build.0 = Debug|Any CPU
		{9079C5D3-990D-43E5-8CFC-0129A80450AE}.Release|Any CPU.ActiveCfg = Release|Any CPU
		{9079C5D3-990D-43E5-8CFC-0129A80450AE}.Release|Any CPU.Build.0 = Release|Any CPU
	EndGlobalSection
	GlobalSection(SolutionProperties) = preSolution
		HideSolutionNode = FALSE
	EndGlobalSection
	GlobalSection(ExtensibilityGlobals) = postSolution
		SolutionGuid = {E9BBBCB1-5A7A-40C4-A150-46D1309494E2}
	EndGlobalSection
EndGlobal
